
Microsoft Visual Studio Solution File, Format Version 12.00
# Visual Studio 15
VisualStudioVersion = 15.0.27130.2024
MinimumVisualStudioVersion = 10.0.40219.1
Project("{FAE04EC0-301F-11D3-BF4B-00C04F79EFBC}") = "NG4_REG_LOG", "NG4_REG_LOG\NG4_REG_LOG.csproj", "{38DBA211-C9D3-419D-9515-7A465BB4192B}"
EndProject
Global
	GlobalSection(SolutionConfigurationPlatforms) = preSolution
		Debug|Any CPU = Debug|Any CPU
		Release|Any CPU = Release|Any CPU
	EndGlobalSection
	GlobalSection(ProjectConfigurationPlatforms) = postSolution
		{38DBA211-C9D3-419D-9515-7A465BB4192B}.Debug|Any CPU.ActiveCfg = Debug|Any CPU
		{38DBA211-C9D3-419D-9515-7A465BB4192B}.Debug|Any CPU.Build.0 = Debug|Any CPU
		{38DBA211-C9D3-419D-9515-7A465BB4192B}.Release|Any CPU.ActiveCfg = Release|Any CPU
		{38DBA211-C9D3-419D-9515-7A465BB4192B}.Release|Any CPU.Build.0 = Release|Any CPU
	EndGlobalSection
	GlobalSection(SolutionProperties) = preSolution
		HideSolutionNode = FALSE
	EndGlobalSection
	GlobalSection(ExtensibilityGlobals) = postSolution
		SolutionGuid = {3347BF56-41FC-4D3B-B2EA-9B3F8C26736A}
	EndGlobalSection
EndGlobal
